// !$*UTF8*$!
{
	archiveVersion = 1;
	classes = {
	};
	objectVersion = 50;
	objects = {

/* Begin PBXBuildFile section */
		88015420228BD036003CF3D1 /* InfoView.swift in Sources */ = {isa = PBXBuildFile; fileRef = 8801541F228BD036003CF3D1 /* InfoView.swift */; };
		88360F022289CFD40008FCF0 /* Pokemon.swift in Sources */ = {isa = PBXBuildFile; fileRef = 88360F012289CFD40008FCF0 /* Pokemon.swift */; };
		88360F042289D3C60008FCF0 /* Service.swift in Sources */ = {isa = PBXBuildFile; fileRef = 88360F032289D3C60008FCF0 /* Service.swift */; };
		885BD9A72288AF000044A0BD /* AppDelegate.swift in Sources */ = {isa = PBXBuildFile; fileRef = 885BD9A62288AF000044A0BD /* AppDelegate.swift */; };
		885BD9AC2288AF000044A0BD /* Main.storyboard in Resources */ = {isa = PBXBuildFile; fileRef = 885BD9AA2288AF000044A0BD /* Main.storyboard */; };
		885BD9AE2288AF010044A0BD /* Assets.xcassets in Resources */ = {isa = PBXBuildFile; fileRef = 885BD9AD2288AF010044A0BD /* Assets.xcassets */; };
		885BD9B12288AF010044A0BD /* LaunchScreen.storyboard in Resources */ = {isa = PBXBuildFile; fileRef = 885BD9AF2288AF010044A0BD /* LaunchScreen.storyboard */; };
		885BD9BE2288D0A00044A0BD /* PokedexController.swift in Sources */ = {isa = PBXBuildFile; fileRef = 885BD9BD2288D0A00044A0BD /* PokedexController.swift */; };
		885BD9C02288D7AB0044A0BD /* Extensions.swift in Sources */ = {isa = PBXBuildFile; fileRef = 885BD9BF2288D7AB0044A0BD /* Extensions.swift */; };
		885BD9C22288EBE20044A0BD /* PokedexCell.swift in Sources */ = {isa = PBXBuildFile; fileRef = 885BD9C12288EBE20044A0BD /* PokedexCell.swift */; };
/* End PBXBuildFile section */

/* Begin PBXFileReference section */
		8801541F228BD036003CF3D1 /* InfoView.swift */ = {isa = PBXFileReference; lastKnownFileType = sourcecode.swift; path = InfoView.swift; sourceTree = "<group>"; };
		88360F012289CFD40008FCF0 /* Pokemon.swift */ = {isa = PBXFileReference; lastKnownFileType = sourcecode.swift; path = Pokemon.swift; sourceTree = "<group>"; };
		88360F032289D3C60008FCF0 /* Service.swift */ = {isa = PBXFileReference; lastKnownFileType = sourcecode.swift; path = Service.swift; sourceTree = "<group>"; };
		885BD9A32288AF000044A0BD /* Pokedex.app */ = {isa = PBXFileReference; explicitFileType = wrapper.application; includeInIndex = 0; path = Pokedex.app; sourceTree = BUILT_PRODUCTS_DIR; };
		885BD9A62288AF000044A0BD /* AppDelegate.swift */ = {isa = PBXFileReference; lastKnownFileType = sourcecode.swift; path = AppDelegate.swift; sourceTree = "<group>"; };
		885BD9AB2288AF000044A0BD /* Base */ = {isa = PBXFileReference; lastKnownFileType = file.storyboard; name = Base; path = Base.lproj/Main.storyboard; sourceTree = "<group>"; };
		885BD9AD2288AF010044A0BD /* Assets.xcassets */ = {isa = PBXFileReference; lastKnownFileType = folder.assetcatalog; path = Assets.xcassets; sourceTree = "<group>"; };
		885BD9B02288AF010044A0BD /* Base */ = {isa = PBXFileReference; lastKnownFileType = file.storyboard; name = Base; path = Base.lproj/LaunchScreen.storyboard; sourceTree = "<group>"; };
		885BD9B22288AF010044A0BD /* Info.plist */ = {isa = PBXFileReference; lastKnownFileType = text.plist.xml; path = Info.plist; sourceTree = "<group>"; };
		885BD9BD2288D0A00044A0BD /* PokedexController.swift */ = {isa = PBXFileReference; lastKnownFileType = sourcecode.swift; path = PokedexController.swift; sourceTree = "<group>"; };
		885BD9BF2288D7AB0044A0BD /* Extensions.swift */ = {isa = PBXFileReference; lastKnownFileType = sourcecode.swift; path = Extensions.swift; sourceTree = "<group>"; };
		885BD9C12288EBE20044A0BD /* PokedexCell.swift */ = {isa = PBXFileReference; lastKnownFileType = sourcecode.swift; path = PokedexCell.swift; sourceTree = "<group>"; };
/* End PBXFileReference section */

/* Begin PBXFrameworksBuildPhase section */
		885BD9A02288AF000044A0BD /* Frameworks */ = {
			isa = PBXFrameworksBuildPhase;
			buildActionMask = 2147483647;
			files = (
			);
			runOnlyForDeploymentPostprocessing = 0;
		};
/* End PBXFrameworksBuildPhase section */

/* Begin PBXGroup section */
		885BD99A2288AF000044A0BD = {
			isa = PBXGroup;
			children = (
				885BD9A52288AF000044A0BD /* Pokedex */,
				885BD9A42288AF000044A0BD /* Products */,
			);
			sourceTree = "<group>";
		};
		885BD9A42288AF000044A0BD /* Products */ = {
			isa = PBXGroup;
			children = (
				885BD9A32288AF000044A0BD /* Pokedex.app */,
			);
			name = Products;
			sourceTree = "<group>";
		};
		885BD9A52288AF000044A0BD /* Pokedex */ = {
			isa = PBXGroup;
			children = (
				885BD9BC2288AF7F0044A0BD /* Model */,
				885BD9BB2288AF7C0044A0BD /* View */,
				885BD9BA2288AF740044A0BD /* Controller */,
				885BD9B92288AF720044A0BD /* Service */,
				885BD9B82288AF4B0044A0BD /* Utils */,
				885BD9A62288AF000044A0BD /* AppDelegate.swift */,
				885BD9AA2288AF000044A0BD /* Main.storyboard */,
				885BD9AD2288AF010044A0BD /* Assets.xcassets */,
				885BD9AF2288AF010044A0BD /* LaunchScreen.storyboard */,
				885BD9B22288AF010044A0BD /* Info.plist */,
			);
			path = Pokedex;
			sourceTree = "<group>";
		};
		885BD9B82288AF4B0044A0BD /* Utils */ = {
			isa = PBXGroup;
			children = (
				885BD9BF2288D7AB0044A0BD /* Extensions.swift */,
			);
			path = Utils;
			sourceTree = "<group>";
		};
		885BD9B92288AF720044A0BD /* Service */ = {
			isa = PBXGroup;
			children = (
				88360F032289D3C60008FCF0 /* Service.swift */,
			);
			path = Service;
			sourceTree = "<group>";
		};
		885BD9BA2288AF740044A0BD /* Controller */ = {
			isa = PBXGroup;
			children = (
				885BD9BD2288D0A00044A0BD /* PokedexController.swift */,
			);
			path = Controller;
			sourceTree = "<group>";
		};
		885BD9BB2288AF7C0044A0BD /* View */ = {
			isa = PBXGroup;
			children = (
				885BD9C12288EBE20044A0BD /* PokedexCell.swift */,
				8801541F228BD036003CF3D1 /* InfoView.swift */,
			);
			path = View;
			sourceTree = "<group>";
		};
		885BD9BC2288AF7F0044A0BD /* Model */ = {
			isa = PBXGroup;
			children = (
				88360F012289CFD40008FCF0 /* Pokemon.swift */,
			);
			path = Model;
			sourceTree = "<group>";
		};
/* End PBXGroup section */

/* Begin PBXNativeTarget section */
		885BD9A22288AF000044A0BD /* Pokedex */ = {
			isa = PBXNativeTarget;
			buildConfigurationList = 885BD9B52288AF010044A0BD /* Build configuration list for PBXNativeTarget "Pokedex" */;
			buildPhases = (
				885BD99F2288AF000044A0BD /* Sources */,
				885BD9A02288AF000044A0BD /* Frameworks */,
				885BD9A12288AF000044A0BD /* Resources */,
			);
			buildRules = (
			);
			dependencies = (
			);
			name = Pokedex;
			productName = Pokedex;
			productReference = 885BD9A32288AF000044A0BD /* Pokedex.app */;
			productType = "com.apple.product-type.application";
		};
/* End PBXNativeTarget section */

/* Begin PBXProject section */
		885BD99B2288AF000044A0BD /* Project object */ = {
			isa = PBXProject;
			attributes = {
				LastSwiftUpdateCheck = 1020;
				LastUpgradeCheck = 1020;
				ORGANIZATIONNAME = JeguLabs;
				TargetAttributes = {
					885BD9A22288AF000044A0BD = {
						CreatedOnToolsVersion = 10.2.1;
					};
				};
			};
			buildConfigurationList = 885BD99E2288AF000044A0BD /* Build configuration list for PBXProject "Pokedex" */;
			compatibilityVersion = "Xcode 9.3";
			developmentRegion = en;
			hasScannedForEncodings = 0;
			knownRegions = (
				en,
				Base,
			);
			mainGroup = 885BD99A2288AF000044A0BD;
			productRefGroup = 885BD9A42288AF000044A0BD /* Products */;
			projectDirPath = "";
			projectRoot = "";
			targets = (
				885BD9A22288AF000044A0BD /* Pokedex */,
			);
		};
/* End PBXProject section */

/* Begin PBXResourcesBuildPhase section */
		885BD9A12288AF000044A0BD /* Resources */ = {
			isa = PBXResourcesBuildPhase;
			buildActionMask = 2147483647;
			files = (
				885BD9B12288AF010044A0BD /* LaunchScreen.storyboard in Resources */,
				885BD9AE2288AF010044A0BD /* Assets.xcassets in Resources */,
				885BD9AC2288AF000044A0BD /* Main.storyboard in Resources */,
			);
			runOnlyForDeploymentPostprocessing = 0;
		};
/* End PBXResourcesBuildPhase section */

/* Begin PBXSourcesBuildPhase section */
		885BD99F2288AF000044A0BD /* Sources */ = {
			isa = PBXSourcesBuildPhase;
			buildActionMask = 2147483647;
			files = (
				88360F022289CFD40008FCF0 /* Pokemon.swift in Sources */,
				885BD9C22288EBE20044A0BD /* PokedexCell.swift in Sources */,
				885BD9BE2288D0A00044A0BD /* PokedexController.swift in Sources */,
				885BD9C02288D7AB0044A0BD /* Extensions.swift in Sources */,
				885BD9A72288AF000044A0BD /* AppDelegate.swift in Sources */,
				88360F042289D3C60008FCF0 /* Service.swift in Sources */,
				88015420228BD036003CF3D1 /* InfoView.swift in Sources */,
			);
			runOnlyForDeploymentPostprocessing = 0;
		};
/* End PBXSourcesBuildPhase section */

/* Begin PBXVariantGroup section */
		885BD9AA2288AF000044A0BD /* Main.storyboard */ = {
			isa = PBXVariantGroup;
			children = (
				885BD9AB2288AF000044A0BD /* Base */,
			);
			name = Main.storyboard;
			sourceTree = "<group>";
		};
		885BD9AF2288AF010044A0BD /* LaunchScreen.storyboard */ = {
			isa = PBXVariantGroup;
			children = (
				885BD9B02288AF010044A0BD /* Base */,
			);
			name = LaunchScreen.storyboard;
			sourceTree = "<group>";
		};
/* End PBXVariantGroup section */

/* Begin XCBuildConfiguration section */
		885BD9B32288AF010044A0BD /* Debug */ = {
			isa = XCBuildConfiguration;
			buildSettings = {
				ALWAYS_SEARCH_USER_PATHS = NO;
				CLANG_ANALYZER_NONNULL = YES;
				CLANG_ANALYZER_NUMBER_OBJECT_CONVERSION = YES_AGGRESSIVE;
				CLANG_CXX_LANGUAGE_STANDARD = "gnu++14";
				CLANG_CXX_LIBRARY = "libc++";
				CLANG_ENABLE_MODULES = YES;
				CLANG_ENABLE_OBJC_ARC = YES;
				CLANG_ENABLE_OBJC_WEAK = YES;
				CLANG_WARN_BLOCK_CAPTURE_AUTORELEASING = YES;
				CLANG_WARN_BOOL_CONVERSION = YES;
				CLANG_WARN_COMMA = YES;
				CLANG_WARN_CONSTANT_CONVERSION = YES;
				CLANG_WARN_DEPRECATED_OBJC_IMPLEMENTATIONS = YES;
				CLANG_WARN_DIRECT_OBJC_ISA_USAGE = YES_ERROR;
				CLANG_WARN_DOCUMENTATION_COMMENTS = YES;
				CLANG_WARN_EMPTY_BODY = YES;
				CLANG_WARN_ENUM_CONVERSION = YES;
				CLANG_WARN_INFINITE_RECURSION = YES;
				CLANG_WARN_INT_CONVERSION = YES;
				CLANG_WARN_NON_LITERAL_NULL_CONVERSION = YES;
				CLANG_WARN_OBJC_IMPLICIT_RETAIN_SELF = YES;
				CLANG_WARN_OBJC_LITERAL_CONVERSION = YES;
				CLANG_WARN_OBJC_ROOT_CLASS = YES_ERROR;
				CLANG_WARN_RANGE_LOOP_ANALYSIS = YES;
				CLANG_WARN_STRICT_PROTOTYPES = YES;
				CLANG_WARN_SUSPICIOUS_MOVE = YES;
				CLANG_WARN_UNGUARDED_AVAILABILITY = YES_AGGRESSIVE;
				CLANG_WARN_UNREACHABLE_CODE = YES;
				CLANG_WARN__DUPLICATE_METHOD_MATCH = YES;
				CODE_SIGN_IDENTITY = "iPhone Developer";
				COPY_PHASE_STRIP = NO;
				DEBUG_INFORMATION_FORMAT = dwarf;
				ENABLE_STRICT_OBJC_MSGSEND = YES;
				ENABLE_TESTABILITY = YES;
				GCC_C_LANGUAGE_STANDARD = gnu11;
				GCC_DYNAMIC_NO_PIC = NO;
				GCC_NO_COMMON_BLOCKS = YES;
				GCC_OPTIMIZATION_LEVEL = 0;
				GCC_PREPROCESSOR_DEFINITIONS = (
					"DEBUG=1",
					"$(inherited)",
				);
				GCC_WARN_64_TO_32_BIT_CONVERSION = YES;
				GCC_WARN_ABOUT_RETURN_TYPE = YES_ERROR;
				GCC_WARN_UNDECLARED_SELECTOR = YES;
				GCC_WARN_UNINITIALIZED_AUTOS = YES_AGGRESSIVE;
				GCC_WARN_UNUSED_FUNCTION = YES;
				GCC_WARN_UNUSED_VARIABLE = YES;
				IPHONEOS_DEPLOYMENT_TARGET = 12.2;
				MTL_ENABLE_DEBUG_INFO = INCLUDE_SOURCE;
				MTL_FAST_MATH = YES;
				ONLY_ACTIVE_ARCH = YES;
				SDKROOT = iphoneos;
				SWIFT_ACTIVE_COMPILATION_CONDITIONS = DEBUG;
				SWIFT_OPTIMIZATION_LEVEL = "-Onone";
			};
			name = Debug;
		};
		885BD9B42288AF010044A0BD /* Release */ = {
			isa = XCBuildConfiguration;
			buildSettings = {
				ALWAYS_SEARCH_USER_PATHS = NO;
				CLANG_ANALYZER_NONNULL = YES;
				CLANG_ANALYZER_NUMBER_OBJECT_CONVERSION = YES_AGGRESSIVE;
				CLANG_CXX_LANGUAGE_STANDARD = "gnu++14";
				CLANG_CXX_LIBRARY = "libc++";
				CLANG_ENABLE_MODULES = YES;
				CLANG_ENABLE_OBJC_ARC = YES;
				CLANG_ENABLE_OBJC_WEAK = YES;
				CLANG_WARN_BLOCK_CAPTURE_AUTORELEASING = YES;
				CLANG_WARN_BOOL_CONVERSION = YES;
				CLANG_WARN_COMMA = YES;
				CLANG_WARN_CONSTANT_CONVERSION = YES;
				CLANG_WARN_DEPRECATED_OBJC_IMPLEMENTATIONS = YES;
				CLANG_WARN_DIRECT_OBJC_ISA_USAGE = YES_ERROR;
				CLANG_WARN_DOCUMENTATION_COMMENTS = YES;
				CLANG_WARN_EMPTY_BODY = YES;
				CLANG_WARN_ENUM_CONVERSION = YES;
				CLANG_WARN_INFINITE_RECURSION = YES;
				CLANG_WARN_INT_CONVERSION = YES;
				CLANG_WARN_NON_LITERAL_NULL_CONVERSION = YES;
				CLANG_WARN_OBJC_IMPLICIT_RETAIN_SELF = YES;
				CLANG_WARN_OBJC_LITERAL_CONVERSION = YES;
				CLANG_WARN_OBJC_ROOT_CLASS = YES_ERROR;
				CLANG_WARN_RANGE_LOOP_ANALYSIS = YES;
				CLANG_WARN_STRICT_PROTOTYPES = YES;
				CLANG_WARN_SUSPICIOUS_MOVE = YES;
				CLANG_WARN_UNGUARDED_AVAILABILITY = YES_AGGRESSIVE;
				CLANG_WARN_UNREACHABLE_CODE = YES;
				CLANG_WARN__DUPLICATE_METHOD_MATCH = YES;
				CODE_SIGN_IDENTITY = "iPhone Developer";
				COPY_PHASE_STRIP = NO;
				DEBUG_INFORMATION_FORMAT = "dwarf-with-dsym";
				ENABLE_NS_ASSERTIONS = NO;
				ENABLE_STRICT_OBJC_MSGSEND = YES;
				GCC_C_LANGUAGE_STANDARD = gnu11;
				GCC_NO_COMMON_BLOCKS = YES;
				GCC_WARN_64_TO_32_BIT_CONVERSION = YES;
				GCC_WARN_ABOUT_RETURN_TYPE = YES_ERROR;
				GCC_WARN_UNDECLARED_SELECTOR = YES;
				GCC_WARN_UNINITIALIZED_AUTOS = YES_AGGRESSIVE;
				GCC_WARN_UNUSED_FUNCTION = YES;
				GCC_WARN_UNUSED_VARIABLE = YES;
				IPHONEOS_DEPLOYMENT_TARGET = 12.2;
				MTL_ENABLE_DEBUG_INFO = NO;
				MTL_FAST_MATH = YES;
				SDKROOT = iphoneos;
				SWIFT_COMPILATION_MODE = wholemodule;
				SWIFT_OPTIMIZATION_LEVEL = "-O";
				VALIDATE_PRODUCT = YES;
			};
			name = Release;
		};
		885BD9B62288AF010044A0BD /* Debug */ = {
			isa = XCBuildConfiguration;
			buildSettings = {
				ASSETCATALOG_COMPILER_APPICON_NAME = AppIcon;
				CODE_SIGN_STYLE = Automatic;
				DEVELOPMENT_TEAM = U6484T76QK;
				INFOPLIST_FILE = Pokedex/Info.plist;
				LD_RUNPATH_SEARCH_PATHS = (
					"$(inherited)",
					"@executable_path/Frameworks",
				);
				PRODUCT_BUNDLE_IDENTIFIER = com.JeguLabs.Pokedex;
				PRODUCT_NAME = "$(TARGET_NAME)";
				SWIFT_VERSION = 5.0;
				TARGETED_DEVICE_FAMILY = "1,2";
			};
			name = Debug;
		};
		885BD9B72288AF010044A0BD /* Release */ = {
			isa = XCBuildConfiguration;
			buildSettings = {
				ASSETCATALOG_COMPILER_APPICON_NAME = AppIcon;
				CODE_SIGN_STYLE = Automatic;
				DEVELOPMENT_TEAM = U6484T76QK;
				INFOPLIST_FILE = Pokedex/Info.plist;
				LD_RUNPATH_SEARCH_PATHS = (
					"$(inherited)",
					"@executable_path/Frameworks",
				);
				PRODUCT_BUNDLE_IDENTIFIER = com.JeguLabs.Pokedex;
				PRODUCT_NAME = "$(TARGET_NAME)";
				SWIFT_VERSION = 5.0;
				TARGETED_DEVICE_FAMILY = "1,2";
			};
			name = Release;
		};
/* End XCBuildConfiguration section */

/* Begin XCConfigurationList section */
		885BD99E2288AF000044A0BD /* Build configuration list for PBXProject "Pokedex" */ = {
			isa = XCConfigurationList;
			buildConfigurations = (
				885BD9B32288AF010044A0BD /* Debug */,
				885BD9B42288AF010044A0BD /* Release */,
			);
			defaultConfigurationIsVisible = 0;
			defaultConfigurationName = Release;
		};
		885BD9B52288AF010044A0BD /* Build configuration list for PBXNativeTarget "Pokedex" */ = {
			isa = XCConfigurationList;
			buildConfigurations = (
				885BD9B62288AF010044A0BD /* Debug */,
				885BD9B72288AF010044A0BD /* Release */,
			);
			defaultConfigurationIsVisible = 0;
			defaultConfigurationName = Release;
		};
/* End XCConfigurationList section */
	};
	rootObject = 885BD99B2288AF000044A0BD /* Project object */;
}
